{
  "name": "3_render_through_path_name",
  "version": "1.0.0",
  "lockfileVersion": 2,
  "requires": true,
  "packages": {
    "": {
      "name": "3_render_through_path_name",
      "version": "1.0.0",
      "license": "ISC",
      "dependencies": {
        "3_render_through_path_name": "file:"
      }
    },
    "node_modules/3_render_through_path_name": {
      "resolved": "",
      "link": true
    }
  },
  "dependencies": {
    "3_render_through_path_name": {
      "version": "file:",
      "requires": {
        "3_render_through_path_name": "file:"
      }
    }
  }
}
